// !$*UTF8*$!
{
	archiveVersion = 1;
	classes = {
	};
	objectVersion = 46;
	objects = {

/* Begin PBXBuildFile section */
		839420571C691A9E00A49677 /* AppDelegate.swift in Sources */ = {isa = PBXBuildFile; fileRef = 839420561C691A9E00A49677 /* AppDelegate.swift */; };
		839420591C691A9E00A49677 /* ViewController.swift in Sources */ = {isa = PBXBuildFile; fileRef = 839420581C691A9E00A49677 /* ViewController.swift */; };
		8394205C1C691A9E00A49677 /* Main.storyboard in Resources */ = {isa = PBXBuildFile; fileRef = 8394205A1C691A9E00A49677 /* Main.storyboard */; };
		8394205E1C691A9E00A49677 /* Assets.xcassets in Resources */ = {isa = PBXBuildFile; fileRef = 8394205D1C691A9E00A49677 /* Assets.xcassets */; };
		839420611C691A9E00A49677 /* LaunchScreen.storyboard in Resources */ = {isa = PBXBuildFile; fileRef = 8394205F1C691A9E00A49677 /* LaunchScreen.storyboard */; };
/* End PBXBuildFile section */

/* Begin PBXFileReference section */
		839420531C691A9E00A49677 /* RedVsBlue.app */ = {isa = PBXFileReference; explicitFileType = wrapper.application; includeInIndex = 0; path = RedVsBlue.app; sourceTree = BUILT_PRODUCTS_DIR; };
		839420561C691A9E00A49677 /* AppDelegate.swift */ = {isa = PBXFileReference; lastKnownFileType = sourcecode.swift; path = AppDelegate.swift; sourceTree = "<group>"; };
		839420581C691A9E00A49677 /* ViewController.swift */ = {isa = PBXFileReference; lastKnownFileType = sourcecode.swift; path = ViewController.swift; sourceTree = "<group>"; };
		8394205B1C691A9E00A49677 /* Base */ = {isa = PBXFileReference; lastKnownFileType = file.storyboard; name = Base; path = Base.lproj/Main.storyboard; sourceTree = "<group>"; };
		8394205D1C691A9E00A49677 /* Assets.xcassets */ = {isa = PBXFileReference; lastKnownFileType = folder.assetcatalog; path = Assets.xcassets; sourceTree = "<group>"; };
		839420601C691A9E00A49677 /* Base */ = {isa = PBXFileReference; lastKnownFileType = file.storyboard; name = Base; path = Base.lproj/LaunchScreen.storyboard; sourceTree = "<group>"; };
		839420621C691A9E00A49677 /* Info.plist */ = {isa = PBXFileReference; lastKnownFileType = text.plist.xml; path = Info.plist; sourceTree = "<group>"; };
/* End PBXFileReference section */

/* Begin PBXFrameworksBuildPhase section */
		839420501C691A9E00A49677 /* Frameworks */ = {
			isa = PBXFrameworksBuildPhase;
			buildActionMask = 2147483647;
			files = (
			);
			runOnlyForDeploymentPostprocessing = 0;
		};
/* End PBXFrameworksBuildPhase section */

/* Begin PBXGroup section */
		8394204A1C691A9E00A49677 = {
			isa = PBXGroup;
			children = (
				839420551C691A9E00A49677 /* RedVsBlue */,
				839420541C691A9E00A49677 /* Products */,
			);
			sourceTree = "<group>";
		};
		839420541C691A9E00A49677 /* Products */ = {
			isa = PBXGroup;
			children = (
				839420531C691A9E00A49677 /* RedVsBlue.app */,
			);
			name = Products;
			sourceTree = "<group>";
		};
		839420551C691A9E00A49677 /* RedVsBlue */ = {
			isa = PBXGroup;
			children = (
				839420561C691A9E00A49677 /* AppDelegate.swift */,
				839420581C691A9E00A49677 /* ViewController.swift */,
				8394205A1C691A9E00A49677 /* Main.storyboard */,
				8394205D1C691A9E00A49677 /* Assets.xcassets */,
				8394205F1C691A9E00A49677 /* LaunchScreen.storyboard */,
				839420621C691A9E00A49677 /* Info.plist */,
			);
			path = RedVsBlue;
			sourceTree = "<group>";
		};
/* End PBXGroup section */

/* Begin PBXNativeTarget section */
		839420521C691A9E00A49677 /* RedVsBlue */ = {
			isa = PBXNativeTarget;
			buildConfigurationList = 839420651C691A9E00A49677 /* Build configuration list for PBXNativeTarget "RedVsBlue" */;
			buildPhases = (
				8394204F1C691A9E00A49677 /* Sources */,
				839420501C691A9E00A49677 /* Frameworks */,
				839420511C691A9E00A49677 /* Resources */,
			);
			buildRules = (
			);
			dependencies = (
			);
			name = RedVsBlue;
			productName = RedVsBlue;
			productReference = 839420531C691A9E00A49677 /* RedVsBlue.app */;
			productType = "com.apple.product-type.application";
		};
/* End PBXNativeTarget section */

/* Begin PBXProject section */
		8394204B1C691A9E00A49677 /* Project object */ = {
			isa = PBXProject;
			attributes = {
				LastSwiftUpdateCheck = 0720;
				LastUpgradeCheck = 0720;
				ORGANIZATIONNAME = "Smooth Black 6";
				TargetAttributes = {
					839420521C691A9E00A49677 = {
						CreatedOnToolsVersion = 7.2.1;
					};
				};
			};
			buildConfigurationList = 8394204E1C691A9E00A49677 /* Build configuration list for PBXProject "RedVsBlue" */;
			compatibilityVersion = "Xcode 3.2";
			developmentRegion = English;
			hasScannedForEncodings = 0;
			knownRegions = (
				en,
				Base,
			);
			mainGroup = 8394204A1C691A9E00A49677;
			productRefGroup = 839420541C691A9E00A49677 /* Products */;
			projectDirPath = "";
			projectRoot = "";
			targets = (
				839420521C691A9E00A49677 /* RedVsBlue */,
			);
		};
/* End PBXProject section */

/* Begin PBXResourcesBuildPhase section */
		839420511C691A9E00A49677 /* Resources */ = {
			isa = PBXResourcesBuildPhase;
			buildActionMask = 2147483647;
			files = (
				839420611C691A9E00A49677 /* LaunchScreen.storyboard in Resources */,
				8394205E1C691A9E00A49677 /* Assets.xcassets in Resources */,
				8394205C1C691A9E00A49677 /* Main.storyboard in Resources */,
			);
			runOnlyForDeploymentPostprocessing = 0;
		};
/* End PBXResourcesBuildPhase section */

/* Begin PBXSourcesBuildPhase section */
		8394204F1C691A9E00A49677 /* Sources */ = {
			isa = PBXSourcesBuildPhase;
			buildActionMask = 2147483647;
			files = (
				839420591C691A9E00A49677 /* ViewController.swift in Sources */,
				839420571C691A9E00A49677 /* AppDelegate.swift in Sources */,
			);
			runOnlyForDeploymentPostprocessing = 0;
		};
/* End PBXSourcesBuildPhase section */

/* Begin PBXVariantGroup section */
		8394205A1C691A9E00A49677 /* Main.storyboard */ = {
			isa = PBXVariantGroup;
			children = (
				8394205B1C691A9E00A49677 /* Base */,
			);
			name = Main.storyboard;
			sourceTree = "<group>";
		};
		8394205F1C691A9E00A49677 /* LaunchScreen.storyboard */ = {
			isa = PBXVariantGroup;
			children = (
				839420601C691A9E00A49677 /* Base */,
			);
			name = LaunchScreen.storyboard;
			sourceTree = "<group>";
		};
/* End PBXVariantGroup section */

/* Begin XCBuildConfiguration section */
		839420631C691A9E00A49677 /* Debug */ = {
			isa = XCBuildConfiguration;
			buildSettings = {
				ALWAYS_SEARCH_USER_PATHS = NO;
				CLANG_CXX_LANGUAGE_STANDARD = "gnu++0x";
				CLANG_CXX_LIBRARY = "libc++";
				CLANG_ENABLE_MODULES = YES;
				CLANG_ENABLE_OBJC_ARC = YES;
				CLANG_WARN_BOOL_CONVERSION = YES;
				CLANG_WARN_CONSTANT_CONVERSION = YES;
				CLANG_WARN_DIRECT_OBJC_ISA_USAGE = YES_ERROR;
				CLANG_WARN_EMPTY_BODY = YES;
				CLANG_WARN_ENUM_CONVERSION = YES;
				CLANG_WARN_INT_CONVERSION = YES;
				CLANG_WARN_OBJC_ROOT_CLASS = YES_ERROR;
				CLANG_WARN_UNREACHABLE_CODE = YES;
				CLANG_WARN__DUPLICATE_METHOD_MATCH = YES;
				"CODE_SIGN_IDENTITY[sdk=iphoneos*]" = "iPhone Developer";
				COPY_PHASE_STRIP = NO;
				DEBUG_INFORMATION_FORMAT = dwarf;
				ENABLE_STRICT_OBJC_MSGSEND = YES;
				ENABLE_TESTABILITY = YES;
				GCC_C_LANGUAGE_STANDARD = gnu99;
				GCC_DYNAMIC_NO_PIC = NO;
				GCC_NO_COMMON_BLOCKS = YES;
				GCC_OPTIMIZATION_LEVEL = 0;
				GCC_PREPROCESSOR_DEFINITIONS = (
					"DEBUG=1",
					"$(inherited)",
				);
				GCC_WARN_64_TO_32_BIT_CONVERSION = YES;
				GCC_WARN_ABOUT_RETURN_TYPE = YES_ERROR;
				GCC_WARN_UNDECLARED_SELECTOR = YES;
				GCC_WARN_UNINITIALIZED_AUTOS = YES_AGGRESSIVE;
				GCC_WARN_UNUSED_FUNCTION = YES;
				GCC_WARN_UNUSED_VARIABLE = YES;
				IPHONEOS_DEPLOYMENT_TARGET = 9.2;
				MTL_ENABLE_DEBUG_INFO = YES;
				ONLY_ACTIVE_ARCH = YES;
				SDKROOT = iphoneos;
				SWIFT_OPTIMIZATION_LEVEL = "-Onone";
			};
			name = Debug;
		};
		839420641C691A9E00A49677 /* Release */ = {
			isa = XCBuildConfiguration;
			buildSettings = {
				ALWAYS_SEARCH_USER_PATHS = NO;
				CLANG_CXX_LANGUAGE_STANDARD = "gnu++0x";
				CLANG_CXX_LIBRARY = "libc++";
				CLANG_ENABLE_MODULES = YES;
				CLANG_ENABLE_OBJC_ARC = YES;
				CLANG_WARN_BOOL_CONVERSION = YES;
				CLANG_WARN_CONSTANT_CONVERSION = YES;
				CLANG_WARN_DIRECT_OBJC_ISA_USAGE = YES_ERROR;
				CLANG_WARN_EMPTY_BODY = YES;
				CLANG_WARN_ENUM_CONVERSION = YES;
				CLANG_WARN_INT_CONVERSION = YES;
				CLANG_WARN_OBJC_ROOT_CLASS = YES_ERROR;
				CLANG_WARN_UNREACHABLE_CODE = YES;
				CLANG_WARN__DUPLICATE_METHOD_MATCH = YES;
				"CODE_SIGN_IDENTITY[sdk=iphoneos*]" = "iPhone Developer";
				COPY_PHASE_STRIP = NO;
				DEBUG_INFORMATION_FORMAT = "dwarf-with-dsym";
				ENABLE_NS_ASSERTIONS = NO;
				ENABLE_STRICT_OBJC_MSGSEND = YES;
				GCC_C_LANGUAGE_STANDARD = gnu99;
				GCC_NO_COMMON_BLOCKS = YES;
				GCC_WARN_64_TO_32_BIT_CONVERSION = YES;
				GCC_WARN_ABOUT_RETURN_TYPE = YES_ERROR;
				GCC_WARN_UNDECLARED_SELECTOR = YES;
				GCC_WARN_UNINITIALIZED_AUTOS = YES_AGGRESSIVE;
				GCC_WARN_UNUSED_FUNCTION = YES;
				GCC_WARN_UNUSED_VARIABLE = YES;
				IPHONEOS_DEPLOYMENT_TARGET = 9.2;
				MTL_ENABLE_DEBUG_INFO = NO;
				SDKROOT = iphoneos;
				VALIDATE_PRODUCT = YES;
			};
			name = Release;
		};
		839420661C691A9E00A49677 /* Debug */ = {
			isa = XCBuildConfiguration;
			buildSettings = {
				ASSETCATALOG_COMPILER_APPICON_NAME = AppIcon;
				INFOPLIST_FILE = RedVsBlue/Info.plist;
				LD_RUNPATH_SEARCH_PATHS = "$(inherited) @executable_path/Frameworks";
				PRODUCT_BUNDLE_IDENTIFIER = com.smoothblack6.RedVsBlue;
				PRODUCT_NAME = "$(TARGET_NAME)";
			};
			name = Debug;
		};
		839420671C691A9E00A49677 /* Release */ = {
			isa = XCBuildConfiguration;
			buildSettings = {
				ASSETCATALOG_COMPILER_APPICON_NAME = AppIcon;
				INFOPLIST_FILE = RedVsBlue/Info.plist;
				LD_RUNPATH_SEARCH_PATHS = "$(inherited) @executable_path/Frameworks";
				PRODUCT_BUNDLE_IDENTIFIER = com.smoothblack6.RedVsBlue;
				PRODUCT_NAME = "$(TARGET_NAME)";
			};
			name = Release;
		};
/* End XCBuildConfiguration section */

/* Begin XCConfigurationList section */
		8394204E1C691A9E00A49677 /* Build configuration list for PBXProject "RedVsBlue" */ = {
			isa = XCConfigurationList;
			buildConfigurations = (
				839420631C691A9E00A49677 /* Debug */,
				839420641C691A9E00A49677 /* Release */,
			);
			defaultConfigurationIsVisible = 0;
			defaultConfigurationName = Release;
		};
		839420651C691A9E00A49677 /* Build configuration list for PBXNativeTarget "RedVsBlue" */ = {
			isa = XCConfigurationList;
			buildConfigurations = (
				839420661C691A9E00A49677 /* Debug */,
				839420671C691A9E00A49677 /* Release */,
			);
			defaultConfigurationIsVisible = 0;
		};
/* End XCConfigurationList section */
	};
	rootObject = 8394204B1C691A9E00A49677 /* Project object */;
}
